// !$*UTF8*$!
{
	archiveVersion = 1;
	classes = {
	};
	objectVersion = 48;
	objects = {

/* Begin PBXBuildFile section */
		B64C0DFD2045DFD7000DC432 /* AppDelegate.swift in Sources */ = {isa = PBXBuildFile; fileRef = B64C0DFC2045DFD7000DC432 /* AppDelegate.swift */; };
		B64C0E022045DFD7000DC432 /* Main.storyboard in Resources */ = {isa = PBXBuildFile; fileRef = B64C0E002045DFD7000DC432 /* Main.storyboard */; };
		B64C0E042045DFD7000DC432 /* Assets.xcassets in Resources */ = {isa = PBXBuildFile; fileRef = B64C0E032045DFD7000DC432 /* Assets.xcassets */; };
		B64C0E072045DFD7000DC432 /* LaunchScreen.storyboard in Resources */ = {isa = PBXBuildFile; fileRef = B64C0E052045DFD7000DC432 /* LaunchScreen.storyboard */; };
		B69586902047C136009E6358 /* Extensions.swift in Sources */ = {isa = PBXBuildFile; fileRef = B695868F2047C136009E6358 /* Extensions.swift */; };
		B6C03A1F2046685300ACB247 /* MainViewController.swift in Sources */ = {isa = PBXBuildFile; fileRef = B6C03A1E2046685300ACB247 /* MainViewController.swift */; };
		B6C03A2120466C0000ACB247 /* ProfileCollectionViewCell.swift in Sources */ = {isa = PBXBuildFile; fileRef = B6C03A2020466C0000ACB247 /* ProfileCollectionViewCell.swift */; };
		B6C03A242046725900ACB247 /* MainViewModel.swift in Sources */ = {isa = PBXBuildFile; fileRef = B6C03A232046725900ACB247 /* MainViewModel.swift */; };
		B6C03A2A2046746500ACB247 /* ToolBar.swift in Sources */ = {isa = PBXBuildFile; fileRef = B6C03A292046746500ACB247 /* ToolBar.swift */; };
		B6C03A2C2046863D00ACB247 /* PhotoCollectionViewCell.swift in Sources */ = {isa = PBXBuildFile; fileRef = B6C03A2B2046863D00ACB247 /* PhotoCollectionViewCell.swift */; };
		B6C03A2E2046961600ACB247 /* UserDetail.swift in Sources */ = {isa = PBXBuildFile; fileRef = B6C03A2D2046961600ACB247 /* UserDetail.swift */; };
		B6C9A4432048138B006E6AE4 /* UserDetailView.swift in Sources */ = {isa = PBXBuildFile; fileRef = B6C9A4422048138B006E6AE4 /* UserDetailView.swift */; };
/* End PBXBuildFile section */

/* Begin PBXFileReference section */
		B64C0DF92045DFD6000DC432 /* SocialApp.app */ = {isa = PBXFileReference; explicitFileType = wrapper.application; includeInIndex = 0; path = SocialApp.app; sourceTree = BUILT_PRODUCTS_DIR; };
		B64C0DFC2045DFD7000DC432 /* AppDelegate.swift */ = {isa = PBXFileReference; lastKnownFileType = sourcecode.swift; path = AppDelegate.swift; sourceTree = "<group>"; };
		B64C0E012045DFD7000DC432 /* Base */ = {isa = PBXFileReference; lastKnownFileType = file.storyboard; name = Base; path = Base.lproj/Main.storyboard; sourceTree = "<group>"; };
		B64C0E032045DFD7000DC432 /* Assets.xcassets */ = {isa = PBXFileReference; lastKnownFileType = folder.assetcatalog; path = Assets.xcassets; sourceTree = "<group>"; };
		B64C0E062045DFD7000DC432 /* Base */ = {isa = PBXFileReference; lastKnownFileType = file.storyboard; name = Base; path = Base.lproj/LaunchScreen.storyboard; sourceTree = "<group>"; };
		B64C0E082045DFD7000DC432 /* Info.plist */ = {isa = PBXFileReference; lastKnownFileType = text.plist.xml; path = Info.plist; sourceTree = "<group>"; };
		B695868F2047C136009E6358 /* Extensions.swift */ = {isa = PBXFileReference; lastKnownFileType = sourcecode.swift; path = Extensions.swift; sourceTree = "<group>"; };
		B6C03A1E2046685300ACB247 /* MainViewController.swift */ = {isa = PBXFileReference; lastKnownFileType = sourcecode.swift; path = MainViewController.swift; sourceTree = "<group>"; };
		B6C03A2020466C0000ACB247 /* ProfileCollectionViewCell.swift */ = {isa = PBXFileReference; lastKnownFileType = sourcecode.swift; path = ProfileCollectionViewCell.swift; sourceTree = "<group>"; };
		B6C03A232046725900ACB247 /* MainViewModel.swift */ = {isa = PBXFileReference; lastKnownFileType = sourcecode.swift; path = MainViewModel.swift; sourceTree = "<group>"; };
		B6C03A292046746500ACB247 /* ToolBar.swift */ = {isa = PBXFileReference; lastKnownFileType = sourcecode.swift; path = ToolBar.swift; sourceTree = "<group>"; };
		B6C03A2B2046863D00ACB247 /* PhotoCollectionViewCell.swift */ = {isa = PBXFileReference; lastKnownFileType = sourcecode.swift; path = PhotoCollectionViewCell.swift; sourceTree = "<group>"; };
		B6C03A2D2046961600ACB247 /* UserDetail.swift */ = {isa = PBXFileReference; lastKnownFileType = sourcecode.swift; path = UserDetail.swift; sourceTree = "<group>"; };
		B6C9A4422048138B006E6AE4 /* UserDetailView.swift */ = {isa = PBXFileReference; lastKnownFileType = sourcecode.swift; path = UserDetailView.swift; sourceTree = "<group>"; };
/* End PBXFileReference section */

/* Begin PBXFrameworksBuildPhase section */
		B64C0DF62045DFD6000DC432 /* Frameworks */ = {
			isa = PBXFrameworksBuildPhase;
			buildActionMask = 2147483647;
			files = (
			);
			runOnlyForDeploymentPostprocessing = 0;
		};
/* End PBXFrameworksBuildPhase section */

/* Begin PBXGroup section */
		B64C0DF02045DFD6000DC432 = {
			isa = PBXGroup;
			children = (
				B64C0DFB2045DFD6000DC432 /* SocialApp */,
				B64C0DFA2045DFD6000DC432 /* Products */,
			);
			sourceTree = "<group>";
		};
		B64C0DFA2045DFD6000DC432 /* Products */ = {
			isa = PBXGroup;
			children = (
				B64C0DF92045DFD6000DC432 /* SocialApp.app */,
			);
			name = Products;
			sourceTree = "<group>";
		};
		B64C0DFB2045DFD6000DC432 /* SocialApp */ = {
			isa = PBXGroup;
			children = (
				B6C03A1B2046681900ACB247 /* App Delegate */,
				B6C03A1C2046682200ACB247 /* View Controllers */,
				B6C03A252046725C00ACB247 /* View Models */,
				B6C03A282046743700ACB247 /* Views */,
				B6C03A2220466C0300ACB247 /* Cells */,
				B6C03A2F2046961B00ACB247 /* Models */,
				B69586912047C13C009E6358 /* Utilities */,
				B6C03A1D2046683000ACB247 /* Storyboards */,
				B64C0E032045DFD7000DC432 /* Assets.xcassets */,
				B64C0E082045DFD7000DC432 /* Info.plist */,
			);
			path = SocialApp;
			sourceTree = "<group>";
		};
		B69586912047C13C009E6358 /* Utilities */ = {
			isa = PBXGroup;
			children = (
				B695868F2047C136009E6358 /* Extensions.swift */,
			);
			path = Utilities;
			sourceTree = "<group>";
		};
		B6C03A1B2046681900ACB247 /* App Delegate */ = {
			isa = PBXGroup;
			children = (
				B64C0DFC2045DFD7000DC432 /* AppDelegate.swift */,
			);
			path = "App Delegate";
			sourceTree = "<group>";
		};
		B6C03A1C2046682200ACB247 /* View Controllers */ = {
			isa = PBXGroup;
			children = (
				B6C03A1E2046685300ACB247 /* MainViewController.swift */,
			);
			path = "View Controllers";
			sourceTree = "<group>";
		};
		B6C03A1D2046683000ACB247 /* Storyboards */ = {
			isa = PBXGroup;
			children = (
				B64C0E002045DFD7000DC432 /* Main.storyboard */,
				B64C0E052045DFD7000DC432 /* LaunchScreen.storyboard */,
			);
			path = Storyboards;
			sourceTree = "<group>";
		};
		B6C03A2220466C0300ACB247 /* Cells */ = {
			isa = PBXGroup;
			children = (
				B6C03A2020466C0000ACB247 /* ProfileCollectionViewCell.swift */,
				B6C03A2B2046863D00ACB247 /* PhotoCollectionViewCell.swift */,
			);
			path = Cells;
			sourceTree = "<group>";
		};
		B6C03A252046725C00ACB247 /* View Models */ = {
			isa = PBXGroup;
			children = (
				B6C03A232046725900ACB247 /* MainViewModel.swift */,
			);
			path = "View Models";
			sourceTree = "<group>";
		};
		B6C03A282046743700ACB247 /* Views */ = {
			isa = PBXGroup;
			children = (
				B6C03A292046746500ACB247 /* ToolBar.swift */,
				B6C9A4422048138B006E6AE4 /* UserDetailView.swift */,
			);
			path = Views;
			sourceTree = "<group>";
		};
		B6C03A2F2046961B00ACB247 /* Models */ = {
			isa = PBXGroup;
			children = (
				B6C03A2D2046961600ACB247 /* UserDetail.swift */,
			);
			path = Models;
			sourceTree = "<group>";
		};
/* End PBXGroup section */

/* Begin PBXNativeTarget section */
		B64C0DF82045DFD6000DC432 /* SocialApp */ = {
			isa = PBXNativeTarget;
			buildConfigurationList = B64C0E0B2045DFD7000DC432 /* Build configuration list for PBXNativeTarget "SocialApp" */;
			buildPhases = (
				B64C0DF52045DFD6000DC432 /* Sources */,
				B64C0DF62045DFD6000DC432 /* Frameworks */,
				B64C0DF72045DFD6000DC432 /* Resources */,
			);
			buildRules = (
			);
			dependencies = (
			);
			name = SocialApp;
			productName = SocialApp;
			productReference = B64C0DF92045DFD6000DC432 /* SocialApp.app */;
			productType = "com.apple.product-type.application";
		};
/* End PBXNativeTarget section */

/* Begin PBXProject section */
		B64C0DF12045DFD6000DC432 /* Project object */ = {
			isa = PBXProject;
			attributes = {
				LastSwiftUpdateCheck = 0920;
				LastUpgradeCheck = 0920;
				ORGANIZATIONNAME = "Siroson Mathuranga Sivarajah";
				TargetAttributes = {
					B64C0DF82045DFD6000DC432 = {
						CreatedOnToolsVersion = 9.2;
						ProvisioningStyle = Automatic;
					};
				};
			};
			buildConfigurationList = B64C0DF42045DFD6000DC432 /* Build configuration list for PBXProject "SocialApp" */;
			compatibilityVersion = "Xcode 8.0";
			developmentRegion = en;
			hasScannedForEncodings = 0;
			knownRegions = (
				en,
				Base,
			);
			mainGroup = B64C0DF02045DFD6000DC432;
			productRefGroup = B64C0DFA2045DFD6000DC432 /* Products */;
			projectDirPath = "";
			projectRoot = "";
			targets = (
				B64C0DF82045DFD6000DC432 /* SocialApp */,
			);
		};
/* End PBXProject section */

/* Begin PBXResourcesBuildPhase section */
		B64C0DF72045DFD6000DC432 /* Resources */ = {
			isa = PBXResourcesBuildPhase;
			buildActionMask = 2147483647;
			files = (
				B64C0E072045DFD7000DC432 /* LaunchScreen.storyboard in Resources */,
				B64C0E042045DFD7000DC432 /* Assets.xcassets in Resources */,
				B64C0E022045DFD7000DC432 /* Main.storyboard in Resources */,
			);
			runOnlyForDeploymentPostprocessing = 0;
		};
/* End PBXResourcesBuildPhase section */

/* Begin PBXSourcesBuildPhase section */
		B64C0DF52045DFD6000DC432 /* Sources */ = {
			isa = PBXSourcesBuildPhase;
			buildActionMask = 2147483647;
			files = (
				B6C03A1F2046685300ACB247 /* MainViewController.swift in Sources */,
				B6C03A2120466C0000ACB247 /* ProfileCollectionViewCell.swift in Sources */,
				B6C03A2A2046746500ACB247 /* ToolBar.swift in Sources */,
				B69586902047C136009E6358 /* Extensions.swift in Sources */,
				B6C9A4432048138B006E6AE4 /* UserDetailView.swift in Sources */,
				B64C0DFD2045DFD7000DC432 /* AppDelegate.swift in Sources */,
				B6C03A2E2046961600ACB247 /* UserDetail.swift in Sources */,
				B6C03A242046725900ACB247 /* MainViewModel.swift in Sources */,
				B6C03A2C2046863D00ACB247 /* PhotoCollectionViewCell.swift in Sources */,
			);
			runOnlyForDeploymentPostprocessing = 0;
		};
/* End PBXSourcesBuildPhase section */

/* Begin PBXVariantGroup section */
		B64C0E002045DFD7000DC432 /* Main.storyboard */ = {
			isa = PBXVariantGroup;
			children = (
				B64C0E012045DFD7000DC432 /* Base */,
			);
			name = Main.storyboard;
			sourceTree = "<group>";
		};
		B64C0E052045DFD7000DC432 /* LaunchScreen.storyboard */ = {
			isa = PBXVariantGroup;
			children = (
				B64C0E062045DFD7000DC432 /* Base */,
			);
			name = LaunchScreen.storyboard;
			sourceTree = "<group>";
		};
/* End PBXVariantGroup section */

/* Begin XCBuildConfiguration section */
		B64C0E092045DFD7000DC432 /* Debug */ = {
			isa = XCBuildConfiguration;
			buildSettings = {
				ALWAYS_SEARCH_USER_PATHS = NO;
				CLANG_ANALYZER_NONNULL = YES;
				CLANG_ANALYZER_NUMBER_OBJECT_CONVERSION = YES_AGGRESSIVE;
				CLANG_CXX_LANGUAGE_STANDARD = "gnu++14";
				CLANG_CXX_LIBRARY = "libc++";
				CLANG_ENABLE_MODULES = YES;
				CLANG_ENABLE_OBJC_ARC = YES;
				CLANG_WARN_BLOCK_CAPTURE_AUTORELEASING = YES;
				CLANG_WARN_BOOL_CONVERSION = YES;
				CLANG_WARN_COMMA = YES;
				CLANG_WARN_CONSTANT_CONVERSION = YES;
				CLANG_WARN_DIRECT_OBJC_ISA_USAGE = YES_ERROR;
				CLANG_WARN_DOCUMENTATION_COMMENTS = YES;
				CLANG_WARN_EMPTY_BODY = YES;
				CLANG_WARN_ENUM_CONVERSION = YES;
				CLANG_WARN_INFINITE_RECURSION = YES;
				CLANG_WARN_INT_CONVERSION = YES;
				CLANG_WARN_NON_LITERAL_NULL_CONVERSION = YES;
				CLANG_WARN_OBJC_LITERAL_CONVERSION = YES;
				CLANG_WARN_OBJC_ROOT_CLASS = YES_ERROR;
				CLANG_WARN_RANGE_LOOP_ANALYSIS = YES;
				CLANG_WARN_STRICT_PROTOTYPES = YES;
				CLANG_WARN_SUSPICIOUS_MOVE = YES;
				CLANG_WARN_UNGUARDED_AVAILABILITY = YES_AGGRESSIVE;
				CLANG_WARN_UNREACHABLE_CODE = YES;
				CLANG_WARN__DUPLICATE_METHOD_MATCH = YES;
				CODE_SIGN_IDENTITY = "iPhone Developer";
				COPY_PHASE_STRIP = NO;
				DEBUG_INFORMATION_FORMAT = dwarf;
				ENABLE_STRICT_OBJC_MSGSEND = YES;
				ENABLE_TESTABILITY = YES;
				GCC_C_LANGUAGE_STANDARD = gnu11;
				GCC_DYNAMIC_NO_PIC = NO;
				GCC_NO_COMMON_BLOCKS = YES;
				GCC_OPTIMIZATION_LEVEL = 0;
				GCC_PREPROCESSOR_DEFINITIONS = (
					"DEBUG=1",
					"$(inherited)",
				);
				GCC_WARN_64_TO_32_BIT_CONVERSION = YES;
				GCC_WARN_ABOUT_RETURN_TYPE = YES_ERROR;
				GCC_WARN_UNDECLARED_SELECTOR = YES;
				GCC_WARN_UNINITIALIZED_AUTOS = YES_AGGRESSIVE;
				GCC_WARN_UNUSED_FUNCTION = YES;
				GCC_WARN_UNUSED_VARIABLE = YES;
				IPHONEOS_DEPLOYMENT_TARGET = 11.2;
				MTL_ENABLE_DEBUG_INFO = YES;
				ONLY_ACTIVE_ARCH = YES;
				SDKROOT = iphoneos;
				SWIFT_ACTIVE_COMPILATION_CONDITIONS = DEBUG;
				SWIFT_OPTIMIZATION_LEVEL = "-Onone";
			};
			name = Debug;
		};
		B64C0E0A2045DFD7000DC432 /* Release */ = {
			isa = XCBuildConfiguration;
			buildSettings = {
				ALWAYS_SEARCH_USER_PATHS = NO;
				CLANG_ANALYZER_NONNULL = YES;
				CLANG_ANALYZER_NUMBER_OBJECT_CONVERSION = YES_AGGRESSIVE;
				CLANG_CXX_LANGUAGE_STANDARD = "gnu++14";
				CLANG_CXX_LIBRARY = "libc++";
				CLANG_ENABLE_MODULES = YES;
				CLANG_ENABLE_OBJC_ARC = YES;
				CLANG_WARN_BLOCK_CAPTURE_AUTORELEASING = YES;
				CLANG_WARN_BOOL_CONVERSION = YES;
				CLANG_WARN_COMMA = YES;
				CLANG_WARN_CONSTANT_CONVERSION = YES;
				CLANG_WARN_DIRECT_OBJC_ISA_USAGE = YES_ERROR;
				CLANG_WARN_DOCUMENTATION_COMMENTS = YES;
				CLANG_WARN_EMPTY_BODY = YES;
				CLANG_WARN_ENUM_CONVERSION = YES;
				CLANG_WARN_INFINITE_RECURSION = YES;
				CLANG_WARN_INT_CONVERSION = YES;
				CLANG_WARN_NON_LITERAL_NULL_CONVERSION = YES;
				CLANG_WARN_OBJC_LITERAL_CONVERSION = YES;
				CLANG_WARN_OBJC_ROOT_CLASS = YES_ERROR;
				CLANG_WARN_RANGE_LOOP_ANALYSIS = YES;
				CLANG_WARN_STRICT_PROTOTYPES = YES;
				CLANG_WARN_SUSPICIOUS_MOVE = YES;
				CLANG_WARN_UNGUARDED_AVAILABILITY = YES_AGGRESSIVE;
				CLANG_WARN_UNREACHABLE_CODE = YES;
				CLANG_WARN__DUPLICATE_METHOD_MATCH = YES;
				CODE_SIGN_IDENTITY = "iPhone Developer";
				COPY_PHASE_STRIP = NO;
				DEBUG_INFORMATION_FORMAT = "dwarf-with-dsym";
				ENABLE_NS_ASSERTIONS = NO;
				ENABLE_STRICT_OBJC_MSGSEND = YES;
				GCC_C_LANGUAGE_STANDARD = gnu11;
				GCC_NO_COMMON_BLOCKS = YES;
				GCC_WARN_64_TO_32_BIT_CONVERSION = YES;
				GCC_WARN_ABOUT_RETURN_TYPE = YES_ERROR;
				GCC_WARN_UNDECLARED_SELECTOR = YES;
				GCC_WARN_UNINITIALIZED_AUTOS = YES_AGGRESSIVE;
				GCC_WARN_UNUSED_FUNCTION = YES;
				GCC_WARN_UNUSED_VARIABLE = YES;
				IPHONEOS_DEPLOYMENT_TARGET = 11.2;
				MTL_ENABLE_DEBUG_INFO = NO;
				SDKROOT = iphoneos;
				SWIFT_OPTIMIZATION_LEVEL = "-Owholemodule";
				VALIDATE_PRODUCT = YES;
			};
			name = Release;
		};
		B64C0E0C2045DFD7000DC432 /* Debug */ = {
			isa = XCBuildConfiguration;
			buildSettings = {
				ASSETCATALOG_COMPILER_APPICON_NAME = AppIcon;
				CODE_SIGN_STYLE = Automatic;
				DEVELOPMENT_TEAM = PN7Y8U3X4G;
				INFOPLIST_FILE = SocialApp/Info.plist;
				LD_RUNPATH_SEARCH_PATHS = "$(inherited) @executable_path/Frameworks";
				PRODUCT_BUNDLE_IDENTIFIER = com.indie.SocialApp;
				PRODUCT_NAME = "$(TARGET_NAME)";
				SWIFT_VERSION = 4.0;
				TARGETED_DEVICE_FAMILY = "1,2";
			};
			name = Debug;
		};
		B64C0E0D2045DFD7000DC432 /* Release */ = {
			isa = XCBuildConfiguration;
			buildSettings = {
				ASSETCATALOG_COMPILER_APPICON_NAME = AppIcon;
				CODE_SIGN_STYLE = Automatic;
				DEVELOPMENT_TEAM = PN7Y8U3X4G;
				INFOPLIST_FILE = SocialApp/Info.plist;
				LD_RUNPATH_SEARCH_PATHS = "$(inherited) @executable_path/Frameworks";
				PRODUCT_BUNDLE_IDENTIFIER = com.indie.SocialApp;
				PRODUCT_NAME = "$(TARGET_NAME)";
				SWIFT_VERSION = 4.0;
				TARGETED_DEVICE_FAMILY = "1,2";
			};
			name = Release;
		};
/* End XCBuildConfiguration section */

/* Begin XCConfigurationList section */
		B64C0DF42045DFD6000DC432 /* Build configuration list for PBXProject "SocialApp" */ = {
			isa = XCConfigurationList;
			buildConfigurations = (
				B64C0E092045DFD7000DC432 /* Debug */,
				B64C0E0A2045DFD7000DC432 /* Release */,
			);
			defaultConfigurationIsVisible = 0;
			defaultConfigurationName = Release;
		};
		B64C0E0B2045DFD7000DC432 /* Build configuration list for PBXNativeTarget "SocialApp" */ = {
			isa = XCConfigurationList;
			buildConfigurations = (
				B64C0E0C2045DFD7000DC432 /* Debug */,
				B64C0E0D2045DFD7000DC432 /* Release */,
			);
			defaultConfigurationIsVisible = 0;
			defaultConfigurationName = Release;
		};
/* End XCConfigurationList section */
	};
	rootObject = B64C0DF12045DFD6000DC432 /* Project object */;
}
